// !$*UTF8*$!
{
	archiveVersion = 1;
	classes = {
	};
	objectVersion = 56;
	objects = {

/* Begin PBXBuildFile section */
		0A5DFADA2C16EB0000C6FD20 /* Extentions.swift in Sources */ = {isa = PBXBuildFile; fileRef = 0A5DFAD92C16EB0000C6FD20 /* Extentions.swift */; };
		0A5DFADC2C1703C700C6FD20 /* CompetetionDetails.swift in Sources */ = {isa = PBXBuildFile; fileRef = 0A5DFADB2C1703C700C6FD20 /* CompetetionDetails.swift */; };
		0A5DFADE2C1712A300C6FD20 /* TeamDetailViewController.swift in Sources */ = {isa = PBXBuildFile; fileRef = 0A5DFADD2C1712A300C6FD20 /* TeamDetailViewController.swift */; };
		0A5DFAE12C17263F00C6FD20 /* TeamsTableViewCell.swift in Sources */ = {isa = PBXBuildFile; fileRef = 0A5DFADF2C17263F00C6FD20 /* TeamsTableViewCell.swift */; };
		0A5DFAE22C17263F00C6FD20 /* TeamsTableViewCell.xib in Resources */ = {isa = PBXBuildFile; fileRef = 0A5DFAE02C17263F00C6FD20 /* TeamsTableViewCell.xib */; };
		0AD6C2872C1838D100A6B93A /* NetworkManager.swift in Sources */ = {isa = PBXBuildFile; fileRef = 0AD6C2862C1838D100A6B93A /* NetworkManager.swift */; };
		5E2444FD2C161128002DAB58 /* AppDelegate.swift in Sources */ = {isa = PBXBuildFile; fileRef = 5E2444FC2C161128002DAB58 /* AppDelegate.swift */; };
		5E2444FF2C161128002DAB58 /* SceneDelegate.swift in Sources */ = {isa = PBXBuildFile; fileRef = 5E2444FE2C161128002DAB58 /* SceneDelegate.swift */; };
		5E2445012C161128002DAB58 /* CompetitionsViewController.swift in Sources */ = {isa = PBXBuildFile; fileRef = 5E2445002C161128002DAB58 /* CompetitionsViewController.swift */; };
		5E2445042C161128002DAB58 /* Main.storyboard in Resources */ = {isa = PBXBuildFile; fileRef = 5E2445022C161128002DAB58 /* Main.storyboard */; };
		5E2445092C161129002DAB58 /* Assets.xcassets in Resources */ = {isa = PBXBuildFile; fileRef = 5E2445082C161129002DAB58 /* Assets.xcassets */; };
		5E24450C2C161129002DAB58 /* LaunchScreen.storyboard in Resources */ = {isa = PBXBuildFile; fileRef = 5E24450A2C161129002DAB58 /* LaunchScreen.storyboard */; };
		5E2445172C16143E002DAB58 /* CompetitionTableViewCell.swift in Sources */ = {isa = PBXBuildFile; fileRef = 5E2445152C16143E002DAB58 /* CompetitionTableViewCell.swift */; };
		5E2445182C16143E002DAB58 /* CompetitionTableViewCell.xib in Resources */ = {isa = PBXBuildFile; fileRef = 5E2445162C16143E002DAB58 /* CompetitionTableViewCell.xib */; };
		5E2445252C163E44002DAB58 /* DetailsViewController.swift in Sources */ = {isa = PBXBuildFile; fileRef = 5E2445232C163E44002DAB58 /* DetailsViewController.swift */; };
		5E2445292C1641E5002DAB58 /* DetailsCollectionViewCell.swift in Sources */ = {isa = PBXBuildFile; fileRef = 5E2445272C1641E5002DAB58 /* DetailsCollectionViewCell.swift */; };
		5E24452A2C1641E5002DAB58 /* DetailsCollectionViewCell.xib in Resources */ = {isa = PBXBuildFile; fileRef = 5E2445282C1641E5002DAB58 /* DetailsCollectionViewCell.xib */; };
		5EC910C22C2897DB004C272C /* Task.xcdatamodeld in Sources */ = {isa = PBXBuildFile; fileRef = 5EC910C02C2897DB004C272C /* Task.xcdatamodeld */; };
		5EC910C42C28A594004C272C /* PostsCoreDataManager.swift in Sources */ = {isa = PBXBuildFile; fileRef = 5EC910C32C28A594004C272C /* PostsCoreDataManager.swift */; };
		5EC910C62C28A696004C272C /* PostsCD+CoreDataClass.swift in Sources */ = {isa = PBXBuildFile; fileRef = 5EC910C52C28A696004C272C /* PostsCD+CoreDataClass.swift */; };
		5EC910C82C28A89A004C272C /* PostsCD+CoreDataProperties.swift in Sources */ = {isa = PBXBuildFile; fileRef = 5EC910C72C28A89A004C272C /* PostsCD+CoreDataProperties.swift */; };
		5EC910CA2C28ADB5004C272C /* CompetationDetailsCD+CoreDataProperties.swift in Sources */ = {isa = PBXBuildFile; fileRef = 5EC910C92C28ADB5004C272C /* CompetationDetailsCD+CoreDataProperties.swift */; };
		5EC910CC2C28AE8F004C272C /* FiltersCD+CoreDataProperties.swift in Sources */ = {isa = PBXBuildFile; fileRef = 5EC910CB2C28AE8F004C272C /* FiltersCD+CoreDataProperties.swift */; };
		5EC910CE2C28AEB2004C272C /* SeasonCD+CoreDataProperties.swift in Sources */ = {isa = PBXBuildFile; fileRef = 5EC910CD2C28AEB2004C272C /* SeasonCD+CoreDataProperties.swift */; };
		5EC910D02C28AECF004C272C /* CompetitionCD+CoreDataProperties.swift in Sources */ = {isa = PBXBuildFile; fileRef = 5EC910CF2C28AECF004C272C /* CompetitionCD+CoreDataProperties.swift */; };
		5EC910D22C28AEE8004C272C /* TeamCD+CoreDataProperties.swift in Sources */ = {isa = PBXBuildFile; fileRef = 5EC910D12C28AEE8004C272C /* TeamCD+CoreDataProperties.swift */; };
		5EC910D42C28AF94004C272C /* FiltersCD+CoreDataClass.swift in Sources */ = {isa = PBXBuildFile; fileRef = 5EC910D32C28AF94004C272C /* FiltersCD+CoreDataClass.swift */; };
		5EC910D62C28AFF7004C272C /* CompetitionCD+CoreDataClass.swift in Sources */ = {isa = PBXBuildFile; fileRef = 5EC910D52C28AFF7004C272C /* CompetitionCD+CoreDataClass.swift */; };
		5EC910D82C28B03E004C272C /* SeasonCD+CoreDataClass.swift in Sources */ = {isa = PBXBuildFile; fileRef = 5EC910D72C28B03E004C272C /* SeasonCD+CoreDataClass.swift */; };
		5EC910DA2C28B06C004C272C /* CompetationDetailsCD+CoreDataClass.swift in Sources */ = {isa = PBXBuildFile; fileRef = 5EC910D92C28B06C004C272C /* CompetationDetailsCD+CoreDataClass.swift */; };
		5EC910DC2C28B0BB004C272C /* TeamCD+CoreDataClass.swift in Sources */ = {isa = PBXBuildFile; fileRef = 5EC910DB2C28B0BB004C272C /* TeamCD+CoreDataClass.swift */; };
		5EC910DF2C28B195004C272C /* WinnerCD+CoreDataClass.swift in Sources */ = {isa = PBXBuildFile; fileRef = 5EC910DE2C28B195004C272C /* WinnerCD+CoreDataClass.swift */; };
		5EC910E82C28B331004C272C /* WinnerCD+CoreDataProperties.swift in Sources */ = {isa = PBXBuildFile; fileRef = 5EC910E72C28B331004C272C /* WinnerCD+CoreDataProperties.swift */; };
		5EC910EC2C28B40A004C272C /* AreaCD+CoreDataProperties.swift in Sources */ = {isa = PBXBuildFile; fileRef = 5EC910EB2C28B40A004C272C /* AreaCD+CoreDataProperties.swift */; };
		5EC910EE2C28B432004C272C /* AreaCD+CoreDataClass.swift in Sources */ = {isa = PBXBuildFile; fileRef = 5EC910ED2C28B432004C272C /* AreaCD+CoreDataClass.swift */; };
		5EC910F12C28B4A0004C272C /* CoachCD+CoreDataProperties.swift in Sources */ = {isa = PBXBuildFile; fileRef = 5EC910F02C28B4A0004C272C /* CoachCD+CoreDataProperties.swift */; };
		5EC910F32C28B4D3004C272C /* CoachCD+CoreDataClass.swift in Sources */ = {isa = PBXBuildFile; fileRef = 5EC910F22C28B4D3004C272C /* CoachCD+CoreDataClass.swift */; };
		5EF317A82C29211200C42B60 /* TeamCoreDataManager.swift in Sources */ = {isa = PBXBuildFile; fileRef = 5EF317A72C29211200C42B60 /* TeamCoreDataManager.swift */; };
		BDCF31C25455A27CEBE26885 /* Pods_Task.framework in Frameworks */ = {isa = PBXBuildFile; fileRef = DA0CD50C8A0BD5DE04E8427A /* Pods_Task.framework */; };
/* End PBXBuildFile section */

/* Begin PBXFileReference section */
		0496B1EF36A24B36B7B0A446 /* Pods-Task.debug.xcconfig */ = {isa = PBXFileReference; includeInIndex = 1; lastKnownFileType = text.xcconfig; name = "Pods-Task.debug.xcconfig"; path = "Target Support Files/Pods-Task/Pods-Task.debug.xcconfig"; sourceTree = "<group>"; };
		0A5DFAD92C16EB0000C6FD20 /* Extentions.swift */ = {isa = PBXFileReference; lastKnownFileType = sourcecode.swift; path = Extentions.swift; sourceTree = "<group>"; };
		0A5DFADB2C1703C700C6FD20 /* CompetetionDetails.swift */ = {isa = PBXFileReference; lastKnownFileType = sourcecode.swift; path = CompetetionDetails.swift; sourceTree = "<group>"; };
		0A5DFADD2C1712A300C6FD20 /* TeamDetailViewController.swift */ = {isa = PBXFileReference; lastKnownFileType = sourcecode.swift; path = TeamDetailViewController.swift; sourceTree = "<group>"; };
		0A5DFADF2C17263F00C6FD20 /* TeamsTableViewCell.swift */ = {isa = PBXFileReference; lastKnownFileType = sourcecode.swift; path = TeamsTableViewCell.swift; sourceTree = "<group>"; };
		0A5DFAE02C17263F00C6FD20 /* TeamsTableViewCell.xib */ = {isa = PBXFileReference; lastKnownFileType = file.xib; path = TeamsTableViewCell.xib; sourceTree = "<group>"; };
		0AD6C2862C1838D100A6B93A /* NetworkManager.swift */ = {isa = PBXFileReference; lastKnownFileType = sourcecode.swift; path = NetworkManager.swift; sourceTree = "<group>"; };
		5E2444F92C161128002DAB58 /* Task.app */ = {isa = PBXFileReference; explicitFileType = wrapper.application; includeInIndex = 0; path = Task.app; sourceTree = BUILT_PRODUCTS_DIR; };
		5E2444FC2C161128002DAB58 /* AppDelegate.swift */ = {isa = PBXFileReference; lastKnownFileType = sourcecode.swift; path = AppDelegate.swift; sourceTree = "<group>"; };
		5E2444FE2C161128002DAB58 /* SceneDelegate.swift */ = {isa = PBXFileReference; lastKnownFileType = sourcecode.swift; path = SceneDelegate.swift; sourceTree = "<group>"; };
		5E2445002C161128002DAB58 /* CompetitionsViewController.swift */ = {isa = PBXFileReference; lastKnownFileType = sourcecode.swift; path = CompetitionsViewController.swift; sourceTree = "<group>"; };
		5E2445032C161128002DAB58 /* Base */ = {isa = PBXFileReference; lastKnownFileType = file.storyboard; name = Base; path = Base.lproj/Main.storyboard; sourceTree = "<group>"; };
		5E2445082C161129002DAB58 /* Assets.xcassets */ = {isa = PBXFileReference; lastKnownFileType = folder.assetcatalog; path = Assets.xcassets; sourceTree = "<group>"; };
		5E24450B2C161129002DAB58 /* Base */ = {isa = PBXFileReference; lastKnownFileType = file.storyboard; name = Base; path = Base.lproj/LaunchScreen.storyboard; sourceTree = "<group>"; };
		5E24450D2C161129002DAB58 /* Info.plist */ = {isa = PBXFileReference; lastKnownFileType = text.plist.xml; path = Info.plist; sourceTree = "<group>"; };
		5E2445152C16143E002DAB58 /* CompetitionTableViewCell.swift */ = {isa = PBXFileReference; lastKnownFileType = sourcecode.swift; path = CompetitionTableViewCell.swift; sourceTree = "<group>"; };
		5E2445162C16143E002DAB58 /* CompetitionTableViewCell.xib */ = {isa = PBXFileReference; lastKnownFileType = file.xib; path = CompetitionTableViewCell.xib; sourceTree = "<group>"; };
		5E2445232C163E44002DAB58 /* DetailsViewController.swift */ = {isa = PBXFileReference; lastKnownFileType = sourcecode.swift; path = DetailsViewController.swift; sourceTree = "<group>"; };
		5E2445272C1641E5002DAB58 /* DetailsCollectionViewCell.swift */ = {isa = PBXFileReference; lastKnownFileType = sourcecode.swift; path = DetailsCollectionViewCell.swift; sourceTree = "<group>"; };
		5E2445282C1641E5002DAB58 /* DetailsCollectionViewCell.xib */ = {isa = PBXFileReference; lastKnownFileType = file.xib; path = DetailsCollectionViewCell.xib; sourceTree = "<group>"; };
		5EC910C12C2897DB004C272C /* Task.xcdatamodel */ = {isa = PBXFileReference; lastKnownFileType = wrapper.xcdatamodel; path = Task.xcdatamodel; sourceTree = "<group>"; };
		5EC910C32C28A594004C272C /* PostsCoreDataManager.swift */ = {isa = PBXFileReference; lastKnownFileType = sourcecode.swift; path = PostsCoreDataManager.swift; sourceTree = "<group>"; };
		5EC910C52C28A696004C272C /* PostsCD+CoreDataClass.swift */ = {isa = PBXFileReference; lastKnownFileType = sourcecode.swift; path = "PostsCD+CoreDataClass.swift"; sourceTree = "<group>"; };
		5EC910C72C28A89A004C272C /* PostsCD+CoreDataProperties.swift */ = {isa = PBXFileReference; lastKnownFileType = sourcecode.swift; path = "PostsCD+CoreDataProperties.swift"; sourceTree = "<group>"; };
		5EC910C92C28ADB5004C272C /* CompetationDetailsCD+CoreDataProperties.swift */ = {isa = PBXFileReference; lastKnownFileType = sourcecode.swift; path = "CompetationDetailsCD+CoreDataProperties.swift"; sourceTree = "<group>"; };
		5EC910CB2C28AE8F004C272C /* FiltersCD+CoreDataProperties.swift */ = {isa = PBXFileReference; lastKnownFileType = sourcecode.swift; path = "FiltersCD+CoreDataProperties.swift"; sourceTree = "<group>"; };
		5EC910CD2C28AEB2004C272C /* SeasonCD+CoreDataProperties.swift */ = {isa = PBXFileReference; lastKnownFileType = sourcecode.swift; path = "SeasonCD+CoreDataProperties.swift"; sourceTree = "<group>"; };
		5EC910CF2C28AECF004C272C /* CompetitionCD+CoreDataProperties.swift */ = {isa = PBXFileReference; lastKnownFileType = sourcecode.swift; path = "CompetitionCD+CoreDataProperties.swift"; sourceTree = "<group>"; };
		5EC910D12C28AEE8004C272C /* TeamCD+CoreDataProperties.swift */ = {isa = PBXFileReference; lastKnownFileType = sourcecode.swift; path = "TeamCD+CoreDataProperties.swift"; sourceTree = "<group>"; };
		5EC910D32C28AF94004C272C /* FiltersCD+CoreDataClass.swift */ = {isa = PBXFileReference; lastKnownFileType = sourcecode.swift; path = "FiltersCD+CoreDataClass.swift"; sourceTree = "<group>"; };
		5EC910D52C28AFF7004C272C /* CompetitionCD+CoreDataClass.swift */ = {isa = PBXFileReference; lastKnownFileType = sourcecode.swift; path = "CompetitionCD+CoreDataClass.swift"; sourceTree = "<group>"; };
		5EC910D72C28B03E004C272C /* SeasonCD+CoreDataClass.swift */ = {isa = PBXFileReference; lastKnownFileType = sourcecode.swift; path = "SeasonCD+CoreDataClass.swift"; sourceTree = "<group>"; };
		5EC910D92C28B06C004C272C /* CompetationDetailsCD+CoreDataClass.swift */ = {isa = PBXFileReference; lastKnownFileType = sourcecode.swift; path = "CompetationDetailsCD+CoreDataClass.swift"; sourceTree = "<group>"; };
		5EC910DB2C28B0BB004C272C /* TeamCD+CoreDataClass.swift */ = {isa = PBXFileReference; lastKnownFileType = sourcecode.swift; path = "TeamCD+CoreDataClass.swift"; sourceTree = "<group>"; };
		5EC910DE2C28B195004C272C /* WinnerCD+CoreDataClass.swift */ = {isa = PBXFileReference; lastKnownFileType = sourcecode.swift; path = "WinnerCD+CoreDataClass.swift"; sourceTree = "<group>"; };
		5EC910E72C28B331004C272C /* WinnerCD+CoreDataProperties.swift */ = {isa = PBXFileReference; lastKnownFileType = sourcecode.swift; path = "WinnerCD+CoreDataProperties.swift"; sourceTree = "<group>"; };
		5EC910EB2C28B40A004C272C /* AreaCD+CoreDataProperties.swift */ = {isa = PBXFileReference; lastKnownFileType = sourcecode.swift; path = "AreaCD+CoreDataProperties.swift"; sourceTree = "<group>"; };
		5EC910ED2C28B432004C272C /* AreaCD+CoreDataClass.swift */ = {isa = PBXFileReference; lastKnownFileType = sourcecode.swift; path = "AreaCD+CoreDataClass.swift"; sourceTree = "<group>"; };
		5EC910F02C28B4A0004C272C /* CoachCD+CoreDataProperties.swift */ = {isa = PBXFileReference; lastKnownFileType = sourcecode.swift; path = "CoachCD+CoreDataProperties.swift"; sourceTree = "<group>"; };
		5EC910F22C28B4D3004C272C /* CoachCD+CoreDataClass.swift */ = {isa = PBXFileReference; lastKnownFileType = sourcecode.swift; path = "CoachCD+CoreDataClass.swift"; sourceTree = "<group>"; };
		5EF317A72C29211200C42B60 /* TeamCoreDataManager.swift */ = {isa = PBXFileReference; lastKnownFileType = sourcecode.swift; path = TeamCoreDataManager.swift; sourceTree = "<group>"; };
		D58BA98E4CF795CE1894E9C2 /* Pods-Task.release.xcconfig */ = {isa = PBXFileReference; includeInIndex = 1; lastKnownFileType = text.xcconfig; name = "Pods-Task.release.xcconfig"; path = "Target Support Files/Pods-Task/Pods-Task.release.xcconfig"; sourceTree = "<group>"; };
		DA0CD50C8A0BD5DE04E8427A /* Pods_Task.framework */ = {isa = PBXFileReference; explicitFileType = wrapper.framework; includeInIndex = 0; path = Pods_Task.framework; sourceTree = BUILT_PRODUCTS_DIR; };
/* End PBXFileReference section */

/* Begin PBXFrameworksBuildPhase section */
		5E2444F62C161128002DAB58 /* Frameworks */ = {
			isa = PBXFrameworksBuildPhase;
			buildActionMask = 2147483647;
			files = (
				BDCF31C25455A27CEBE26885 /* Pods_Task.framework in Frameworks */,
			);
			runOnlyForDeploymentPostprocessing = 0;
		};
/* End PBXFrameworksBuildPhase section */

/* Begin PBXGroup section */
		5E2444F02C161128002DAB58 = {
			isa = PBXGroup;
			children = (
				5E2444FB2C161128002DAB58 /* Task */,
				5E2444FA2C161128002DAB58 /* Products */,
				ABE1F58AD472C92BDE2E7499 /* Pods */,
				F44D7FF980A64F5077B19FA7 /* Frameworks */,
			);
			sourceTree = "<group>";
		};
		5E2444FA2C161128002DAB58 /* Products */ = {
			isa = PBXGroup;
			children = (
				5E2444F92C161128002DAB58 /* Task.app */,
			);
			name = Products;
			sourceTree = "<group>";
		};
		5E2444FB2C161128002DAB58 /* Task */ = {
			isa = PBXGroup;
			children = (
				5E7E66E62C17717400DC804A /* ViewControllers */,
				5E7E66E72C1771CC00DC804A /* CustomCell */,
				5E7E66E82C17721400DC804A /* Model */,
				5E7E66E52C17715700DC804A /* CustomCellViews */,
				5E7E66E92C17722200DC804A /* Extention */,
				5E7E66EB2C17725400DC804A /* StoryBoard */,
				5E5692C32C18B5CE0065DEA1 /* NetworkManager */,
				5E7E66EA2C17722F00DC804A /* Delegates */,
				5E2445082C161129002DAB58 /* Assets.xcassets */,
				5E24450D2C161129002DAB58 /* Info.plist */,
				5EC910C02C2897DB004C272C /* Task.xcdatamodeld */,
				5EC910DD2C28B0EB004C272C /* PostsCoreData */,
				5EC910E02C28B207004C272C /* FiltersCoreData */,
				5EC910E12C28B232004C272C /* TeamCoreData */,
				5EC910E22C28B251004C272C /* CompetitionCoreData */,
				5EC910E32C28B272004C272C /* SeasonCoreData */,
				5EC910E42C28B292004C272C /* CompetationDetailsCoreData */,
				5EC910EF2C28B44C004C272C /* AreaCoreData */,
				5EC910E92C28B341004C272C /* WinnerCoreData */,
				5EC910F42C28B4EA004C272C /* CoachCoreData */,
			);
			path = Task;
			sourceTree = "<group>";
		};
		5E5692C32C18B5CE0065DEA1 /* NetworkManager */ = {
			isa = PBXGroup;
			children = (
				0AD6C2862C1838D100A6B93A /* NetworkManager.swift */,
			);
			path = NetworkManager;
			sourceTree = "<group>";
		};
		5E7E66E52C17715700DC804A /* CustomCellViews */ = {
			isa = PBXGroup;
			children = (
				5E2445162C16143E002DAB58 /* CompetitionTableViewCell.xib */,
				0A5DFAE02C17263F00C6FD20 /* TeamsTableViewCell.xib */,
				5E2445282C1641E5002DAB58 /* DetailsCollectionViewCell.xib */,
			);
			path = CustomCellViews;
			sourceTree = "<group>";
		};
		5E7E66E62C17717400DC804A /* ViewControllers */ = {
			isa = PBXGroup;
			children = (
				5E2445002C161128002DAB58 /* CompetitionsViewController.swift */,
				5E2445232C163E44002DAB58 /* DetailsViewController.swift */,
				0A5DFADD2C1712A300C6FD20 /* TeamDetailViewController.swift */,
			);
			path = ViewControllers;
			sourceTree = "<group>";
		};
		5E7E66E72C1771CC00DC804A /* CustomCell */ = {
			isa = PBXGroup;
			children = (
				5E2445152C16143E002DAB58 /* CompetitionTableViewCell.swift */,
				0A5DFADF2C17263F00C6FD20 /* TeamsTableViewCell.swift */,
				5E2445272C1641E5002DAB58 /* DetailsCollectionViewCell.swift */,
			);
			path = CustomCell;
			sourceTree = "<group>";
		};
		5E7E66E82C17721400DC804A /* Model */ = {
			isa = PBXGroup;
			children = (
				0A5DFADB2C1703C700C6FD20 /* CompetetionDetails.swift */,
			);
			path = Model;
			sourceTree = "<group>";
		};
		5E7E66E92C17722200DC804A /* Extention */ = {
			isa = PBXGroup;
			children = (
				0A5DFAD92C16EB0000C6FD20 /* Extentions.swift */,
			);
			path = Extention;
			sourceTree = "<group>";
		};
		5E7E66EA2C17722F00DC804A /* Delegates */ = {
			isa = PBXGroup;
			children = (
				5E2444FE2C161128002DAB58 /* SceneDelegate.swift */,
				5E2444FC2C161128002DAB58 /* AppDelegate.swift */,
			);
			path = Delegates;
			sourceTree = "<group>";
		};
		5E7E66EB2C17725400DC804A /* StoryBoard */ = {
			isa = PBXGroup;
			children = (
				5E24450A2C161129002DAB58 /* LaunchScreen.storyboard */,
				5E2445022C161128002DAB58 /* Main.storyboard */,
			);
			path = StoryBoard;
			sourceTree = "<group>";
		};
		5EC910DD2C28B0EB004C272C /* PostsCoreData */ = {
			isa = PBXGroup;
			children = (
				5EC910C72C28A89A004C272C /* PostsCD+CoreDataProperties.swift */,
				5EC910C52C28A696004C272C /* PostsCD+CoreDataClass.swift */,
				5EC910C32C28A594004C272C /* PostsCoreDataManager.swift */,
			);
			path = PostsCoreData;
			sourceTree = "<group>";
		};
		5EC910E02C28B207004C272C /* FiltersCoreData */ = {
			isa = PBXGroup;
			children = (
				5EC910CB2C28AE8F004C272C /* FiltersCD+CoreDataProperties.swift */,
				5EC910D32C28AF94004C272C /* FiltersCD+CoreDataClass.swift */,
			);
			path = FiltersCoreData;
			sourceTree = "<group>";
		};
		5EC910E12C28B232004C272C /* TeamCoreData */ = {
			isa = PBXGroup;
			children = (
				5EC910DB2C28B0BB004C272C /* TeamCD+CoreDataClass.swift */,
				5EC910D12C28AEE8004C272C /* TeamCD+CoreDataProperties.swift */,
				5EF317A72C29211200C42B60 /* TeamCoreDataManager.swift */,
			);
			path = TeamCoreData;
			sourceTree = "<group>";
		};
		5EC910E22C28B251004C272C /* CompetitionCoreData */ = {
			isa = PBXGroup;
			children = (
				5EC910CF2C28AECF004C272C /* CompetitionCD+CoreDataProperties.swift */,
				5EC910D52C28AFF7004C272C /* CompetitionCD+CoreDataClass.swift */,
			);
			path = CompetitionCoreData;
			sourceTree = "<group>";
		};
		5EC910E32C28B272004C272C /* SeasonCoreData */ = {
			isa = PBXGroup;
			children = (
				5EC910CD2C28AEB2004C272C /* SeasonCD+CoreDataProperties.swift */,
				5EC910D72C28B03E004C272C /* SeasonCD+CoreDataClass.swift */,
			);
			path = SeasonCoreData;
			sourceTree = "<group>";
		};
		5EC910E42C28B292004C272C /* CompetationDetailsCoreData */ = {
			isa = PBXGroup;
			children = (
				5EC910C92C28ADB5004C272C /* CompetationDetailsCD+CoreDataProperties.swift */,
				5EC910D92C28B06C004C272C /* CompetationDetailsCD+CoreDataClass.swift */,
			);
			path = CompetationDetailsCoreData;
			sourceTree = "<group>";
		};
		5EC910E92C28B341004C272C /* WinnerCoreData */ = {
			isa = PBXGroup;
			children = (
				5EC910E72C28B331004C272C /* WinnerCD+CoreDataProperties.swift */,
				5EC910DE2C28B195004C272C /* WinnerCD+CoreDataClass.swift */,
			);
			path = WinnerCoreData;
			sourceTree = "<group>";
		};
		5EC910EF2C28B44C004C272C /* AreaCoreData */ = {
			isa = PBXGroup;
			children = (
				5EC910ED2C28B432004C272C /* AreaCD+CoreDataClass.swift */,
				5EC910EB2C28B40A004C272C /* AreaCD+CoreDataProperties.swift */,
			);
			path = AreaCoreData;
			sourceTree = "<group>";
		};
		5EC910F42C28B4EA004C272C /* CoachCoreData */ = {
			isa = PBXGroup;
			children = (
				5EC910F22C28B4D3004C272C /* CoachCD+CoreDataClass.swift */,
				5EC910F02C28B4A0004C272C /* CoachCD+CoreDataProperties.swift */,
			);
			path = CoachCoreData;
			sourceTree = "<group>";
		};
		ABE1F58AD472C92BDE2E7499 /* Pods */ = {
			isa = PBXGroup;
			children = (
				0496B1EF36A24B36B7B0A446 /* Pods-Task.debug.xcconfig */,
				D58BA98E4CF795CE1894E9C2 /* Pods-Task.release.xcconfig */,
			);
			path = Pods;
			sourceTree = "<group>";
		};
		F44D7FF980A64F5077B19FA7 /* Frameworks */ = {
			isa = PBXGroup;
			children = (
				DA0CD50C8A0BD5DE04E8427A /* Pods_Task.framework */,
			);
			name = Frameworks;
			sourceTree = "<group>";
		};
/* End PBXGroup section */

/* Begin PBXNativeTarget section */
		5E2444F82C161128002DAB58 /* Task */ = {
			isa = PBXNativeTarget;
			buildConfigurationList = 5E2445102C161129002DAB58 /* Build configuration list for PBXNativeTarget "Task" */;
			buildPhases = (
				6B2A11A398F0BFDD07E3A2BF /* [CP] Check Pods Manifest.lock */,
				5E2444F52C161128002DAB58 /* Sources */,
				5E2444F62C161128002DAB58 /* Frameworks */,
				5E2444F72C161128002DAB58 /* Resources */,
				EE6C47E40E5F192CD0F3972C /* [CP] Embed Pods Frameworks */,
			);
			buildRules = (
			);
			dependencies = (
			);
			name = Task;
			productName = Task;
			productReference = 5E2444F92C161128002DAB58 /* Task.app */;
			productType = "com.apple.product-type.application";
		};
/* End PBXNativeTarget section */

/* Begin PBXProject section */
		5E2444F12C161128002DAB58 /* Project object */ = {
			isa = PBXProject;
			attributes = {
				BuildIndependentTargetsInParallel = 1;
				LastSwiftUpdateCheck = 1430;
				LastUpgradeCheck = 1430;
				TargetAttributes = {
					5E2444F82C161128002DAB58 = {
						CreatedOnToolsVersion = 14.3.1;
					};
				};
			};
			buildConfigurationList = 5E2444F42C161128002DAB58 /* Build configuration list for PBXProject "Task" */;
			compatibilityVersion = "Xcode 14.0";
			developmentRegion = en;
			hasScannedForEncodings = 0;
			knownRegions = (
				en,
				Base,
			);
			mainGroup = 5E2444F02C161128002DAB58;
			productRefGroup = 5E2444FA2C161128002DAB58 /* Products */;
			projectDirPath = "";
			projectRoot = "";
			targets = (
				5E2444F82C161128002DAB58 /* Task */,
			);
		};
/* End PBXProject section */

/* Begin PBXResourcesBuildPhase section */
		5E2444F72C161128002DAB58 /* Resources */ = {
			isa = PBXResourcesBuildPhase;
			buildActionMask = 2147483647;
			files = (
				0A5DFAE22C17263F00C6FD20 /* TeamsTableViewCell.xib in Resources */,
				5E24450C2C161129002DAB58 /* LaunchScreen.storyboard in Resources */,
				5E2445092C161129002DAB58 /* Assets.xcassets in Resources */,
				5E2445042C161128002DAB58 /* Main.storyboard in Resources */,
				5E2445182C16143E002DAB58 /* CompetitionTableViewCell.xib in Resources */,
				5E24452A2C1641E5002DAB58 /* DetailsCollectionViewCell.xib in Resources */,
			);
			runOnlyForDeploymentPostprocessing = 0;
		};
/* End PBXResourcesBuildPhase section */

/* Begin PBXShellScriptBuildPhase section */
		6B2A11A398F0BFDD07E3A2BF /* [CP] Check Pods Manifest.lock */ = {
			isa = PBXShellScriptBuildPhase;
			buildActionMask = 2147483647;
			files = (
			);
			inputFileListPaths = (
			);
			inputPaths = (
				"${PODS_PODFILE_DIR_PATH}/Podfile.lock",
				"${PODS_ROOT}/Manifest.lock",
			);
			name = "[CP] Check Pods Manifest.lock";
			outputFileListPaths = (
			);
			outputPaths = (
				"$(DERIVED_FILE_DIR)/Pods-Task-checkManifestLockResult.txt",
			);
			runOnlyForDeploymentPostprocessing = 0;
			shellPath = /bin/sh;
			shellScript = "diff \"${PODS_PODFILE_DIR_PATH}/Podfile.lock\" \"${PODS_ROOT}/Manifest.lock\" > /dev/null\nif [ $? != 0 ] ; then\n    # print error to STDERR\n    echo \"error: The sandbox is not in sync with the Podfile.lock. Run 'pod install' or update your CocoaPods installation.\" >&2\n    exit 1\nfi\n# This output is used by Xcode 'outputs' to avoid re-running this script phase.\necho \"SUCCESS\" > \"${SCRIPT_OUTPUT_FILE_0}\"\n";
			showEnvVarsInLog = 0;
		};
		EE6C47E40E5F192CD0F3972C /* [CP] Embed Pods Frameworks */ = {
			isa = PBXShellScriptBuildPhase;
			buildActionMask = 2147483647;
			files = (
			);
			inputFileListPaths = (
				"${PODS_ROOT}/Target Support Files/Pods-Task/Pods-Task-frameworks-${CONFIGURATION}-input-files.xcfilelist",
			);
			name = "[CP] Embed Pods Frameworks";
			outputFileListPaths = (
				"${PODS_ROOT}/Target Support Files/Pods-Task/Pods-Task-frameworks-${CONFIGURATION}-output-files.xcfilelist",
			);
			runOnlyForDeploymentPostprocessing = 0;
			shellPath = /bin/sh;
			shellScript = "\"${PODS_ROOT}/Target Support Files/Pods-Task/Pods-Task-frameworks.sh\"\n";
			showEnvVarsInLog = 0;
		};
/* End PBXShellScriptBuildPhase section */

/* Begin PBXSourcesBuildPhase section */
		5E2444F52C161128002DAB58 /* Sources */ = {
			isa = PBXSourcesBuildPhase;
			buildActionMask = 2147483647;
			files = (
				5EC910C22C2897DB004C272C /* Task.xcdatamodeld in Sources */,
				0AD6C2872C1838D100A6B93A /* NetworkManager.swift in Sources */,
				5EC910CC2C28AE8F004C272C /* FiltersCD+CoreDataProperties.swift in Sources */,
				5EC910EE2C28B432004C272C /* AreaCD+CoreDataClass.swift in Sources */,
				5E2445252C163E44002DAB58 /* DetailsViewController.swift in Sources */,
				5EC910E82C28B331004C272C /* WinnerCD+CoreDataProperties.swift in Sources */,
				5EC910CA2C28ADB5004C272C /* CompetationDetailsCD+CoreDataProperties.swift in Sources */,
				5EC910CE2C28AEB2004C272C /* SeasonCD+CoreDataProperties.swift in Sources */,
				5E2445172C16143E002DAB58 /* CompetitionTableViewCell.swift in Sources */,
				5EC910D22C28AEE8004C272C /* TeamCD+CoreDataProperties.swift in Sources */,
				5EC910D62C28AFF7004C272C /* CompetitionCD+CoreDataClass.swift in Sources */,
				5EC910C42C28A594004C272C /* PostsCoreDataManager.swift in Sources */,
				5EC910D42C28AF94004C272C /* FiltersCD+CoreDataClass.swift in Sources */,
				5EC910F32C28B4D3004C272C /* CoachCD+CoreDataClass.swift in Sources */,
				5EC910D02C28AECF004C272C /* CompetitionCD+CoreDataProperties.swift in Sources */,
				5EC910EC2C28B40A004C272C /* AreaCD+CoreDataProperties.swift in Sources */,
				5E2445012C161128002DAB58 /* CompetitionsViewController.swift in Sources */,
				5EC910DF2C28B195004C272C /* WinnerCD+CoreDataClass.swift in Sources */,
				5EC910C62C28A696004C272C /* PostsCD+CoreDataClass.swift in Sources */,
				0A5DFADE2C1712A300C6FD20 /* TeamDetailViewController.swift in Sources */,
				5EC910DA2C28B06C004C272C /* CompetationDetailsCD+CoreDataClass.swift in Sources */,
				5E2444FD2C161128002DAB58 /* AppDelegate.swift in Sources */,
				0A5DFADC2C1703C700C6FD20 /* CompetetionDetails.swift in Sources */,
				5EC910DC2C28B0BB004C272C /* TeamCD+CoreDataClass.swift in Sources */,
				0A5DFAE12C17263F00C6FD20 /* TeamsTableViewCell.swift in Sources */,
				5EF317A82C29211200C42B60 /* TeamCoreDataManager.swift in Sources */,
				5E2444FF2C161128002DAB58 /* SceneDelegate.swift in Sources */,
				5E2445292C1641E5002DAB58 /* DetailsCollectionViewCell.swift in Sources */,
				0A5DFADA2C16EB0000C6FD20 /* Extentions.swift in Sources */,
				5EC910D82C28B03E004C272C /* SeasonCD+CoreDataClass.swift in Sources */,
				5EC910F12C28B4A0004C272C /* CoachCD+CoreDataProperties.swift in Sources */,
				5EC910C82C28A89A004C272C /* PostsCD+CoreDataProperties.swift in Sources */,
			);
			runOnlyForDeploymentPostprocessing = 0;
		};
/* End PBXSourcesBuildPhase section */

/* Begin PBXVariantGroup section */
		5E2445022C161128002DAB58 /* Main.storyboard */ = {
			isa = PBXVariantGroup;
			children = (
				5E2445032C161128002DAB58 /* Base */,
			);
			name = Main.storyboard;
			sourceTree = "<group>";
		};
		5E24450A2C161129002DAB58 /* LaunchScreen.storyboard */ = {
			isa = PBXVariantGroup;
			children = (
				5E24450B2C161129002DAB58 /* Base */,
			);
			name = LaunchScreen.storyboard;
			sourceTree = "<group>";
		};
/* End PBXVariantGroup section */

/* Begin XCBuildConfiguration section */
		5E24450E2C161129002DAB58 /* Debug */ = {
			isa = XCBuildConfiguration;
			buildSettings = {
				ALWAYS_SEARCH_USER_PATHS = NO;
				CLANG_ANALYZER_NONNULL = YES;
				CLANG_ANALYZER_NUMBER_OBJECT_CONVERSION = YES_AGGRESSIVE;
				CLANG_CXX_LANGUAGE_STANDARD = "gnu++20";
				CLANG_ENABLE_MODULES = YES;
				CLANG_ENABLE_OBJC_ARC = YES;
				CLANG_ENABLE_OBJC_WEAK = YES;
				CLANG_WARN_BLOCK_CAPTURE_AUTORELEASING = YES;
				CLANG_WARN_BOOL_CONVERSION = YES;
				CLANG_WARN_COMMA = YES;
				CLANG_WARN_CONSTANT_CONVERSION = YES;
				CLANG_WARN_DEPRECATED_OBJC_IMPLEMENTATIONS = YES;
				CLANG_WARN_DIRECT_OBJC_ISA_USAGE = YES_ERROR;
				CLANG_WARN_DOCUMENTATION_COMMENTS = YES;
				CLANG_WARN_EMPTY_BODY = YES;
				CLANG_WARN_ENUM_CONVERSION = YES;
				CLANG_WARN_INFINITE_RECURSION = YES;
				CLANG_WARN_INT_CONVERSION = YES;
				CLANG_WARN_NON_LITERAL_NULL_CONVERSION = YES;
				CLANG_WARN_OBJC_IMPLICIT_RETAIN_SELF = YES;
				CLANG_WARN_OBJC_LITERAL_CONVERSION = YES;
				CLANG_WARN_OBJC_ROOT_CLASS = YES_ERROR;
				CLANG_WARN_QUOTED_INCLUDE_IN_FRAMEWORK_HEADER = YES;
				CLANG_WARN_RANGE_LOOP_ANALYSIS = YES;
				CLANG_WARN_STRICT_PROTOTYPES = YES;
				CLANG_WARN_SUSPICIOUS_MOVE = YES;
				CLANG_WARN_UNGUARDED_AVAILABILITY = YES_AGGRESSIVE;
				CLANG_WARN_UNREACHABLE_CODE = YES;
				CLANG_WARN__DUPLICATE_METHOD_MATCH = YES;
				COPY_PHASE_STRIP = NO;
				DEBUG_INFORMATION_FORMAT = dwarf;
				ENABLE_STRICT_OBJC_MSGSEND = YES;
				ENABLE_TESTABILITY = YES;
				GCC_C_LANGUAGE_STANDARD = gnu11;
				GCC_DYNAMIC_NO_PIC = NO;
				GCC_NO_COMMON_BLOCKS = YES;
				GCC_OPTIMIZATION_LEVEL = 0;
				GCC_PREPROCESSOR_DEFINITIONS = (
					"DEBUG=1",
					"$(inherited)",
				);
				GCC_WARN_64_TO_32_BIT_CONVERSION = YES;
				GCC_WARN_ABOUT_RETURN_TYPE = YES_ERROR;
				GCC_WARN_UNDECLARED_SELECTOR = YES;
				GCC_WARN_UNINITIALIZED_AUTOS = YES_AGGRESSIVE;
				GCC_WARN_UNUSED_FUNCTION = YES;
				GCC_WARN_UNUSED_VARIABLE = YES;
				IPHONEOS_DEPLOYMENT_TARGET = 16.0;
				MTL_ENABLE_DEBUG_INFO = INCLUDE_SOURCE;
				MTL_FAST_MATH = YES;
				ONLY_ACTIVE_ARCH = YES;
				SDKROOT = iphoneos;
				SWIFT_ACTIVE_COMPILATION_CONDITIONS = DEBUG;
				SWIFT_OPTIMIZATION_LEVEL = "-Onone";
			};
			name = Debug;
		};
		5E24450F2C161129002DAB58 /* Release */ = {
			isa = XCBuildConfiguration;
			buildSettings = {
				ALWAYS_SEARCH_USER_PATHS = NO;
				CLANG_ANALYZER_NONNULL = YES;
				CLANG_ANALYZER_NUMBER_OBJECT_CONVERSION = YES_AGGRESSIVE;
				CLANG_CXX_LANGUAGE_STANDARD = "gnu++20";
				CLANG_ENABLE_MODULES = YES;
				CLANG_ENABLE_OBJC_ARC = YES;
				CLANG_ENABLE_OBJC_WEAK = YES;
				CLANG_WARN_BLOCK_CAPTURE_AUTORELEASING = YES;
				CLANG_WARN_BOOL_CONVERSION = YES;
				CLANG_WARN_COMMA = YES;
				CLANG_WARN_CONSTANT_CONVERSION = YES;
				CLANG_WARN_DEPRECATED_OBJC_IMPLEMENTATIONS = YES;
				CLANG_WARN_DIRECT_OBJC_ISA_USAGE = YES_ERROR;
				CLANG_WARN_DOCUMENTATION_COMMENTS = YES;
				CLANG_WARN_EMPTY_BODY = YES;
				CLANG_WARN_ENUM_CONVERSION = YES;
				CLANG_WARN_INFINITE_RECURSION = YES;
				CLANG_WARN_INT_CONVERSION = YES;
				CLANG_WARN_NON_LITERAL_NULL_CONVERSION = YES;
				CLANG_WARN_OBJC_IMPLICIT_RETAIN_SELF = YES;
				CLANG_WARN_OBJC_LITERAL_CONVERSION = YES;
				CLANG_WARN_OBJC_ROOT_CLASS = YES_ERROR;
				CLANG_WARN_QUOTED_INCLUDE_IN_FRAMEWORK_HEADER = YES;
				CLANG_WARN_RANGE_LOOP_ANALYSIS = YES;
				CLANG_WARN_STRICT_PROTOTYPES = YES;
				CLANG_WARN_SUSPICIOUS_MOVE = YES;
				CLANG_WARN_UNGUARDED_AVAILABILITY = YES_AGGRESSIVE;
				CLANG_WARN_UNREACHABLE_CODE = YES;
				CLANG_WARN__DUPLICATE_METHOD_MATCH = YES;
				COPY_PHASE_STRIP = NO;
				DEBUG_INFORMATION_FORMAT = "dwarf-with-dsym";
				ENABLE_NS_ASSERTIONS = NO;
				ENABLE_STRICT_OBJC_MSGSEND = YES;
				GCC_C_LANGUAGE_STANDARD = gnu11;
				GCC_NO_COMMON_BLOCKS = YES;
				GCC_WARN_64_TO_32_BIT_CONVERSION = YES;
				GCC_WARN_ABOUT_RETURN_TYPE = YES_ERROR;
				GCC_WARN_UNDECLARED_SELECTOR = YES;
				GCC_WARN_UNINITIALIZED_AUTOS = YES_AGGRESSIVE;
				GCC_WARN_UNUSED_FUNCTION = YES;
				GCC_WARN_UNUSED_VARIABLE = YES;
				IPHONEOS_DEPLOYMENT_TARGET = 16.0;
				MTL_ENABLE_DEBUG_INFO = NO;
				MTL_FAST_MATH = YES;
				SDKROOT = iphoneos;
				SWIFT_COMPILATION_MODE = wholemodule;
				SWIFT_OPTIMIZATION_LEVEL = "-O";
				VALIDATE_PRODUCT = YES;
			};
			name = Release;
		};
		5E2445112C161129002DAB58 /* Debug */ = {
			isa = XCBuildConfiguration;
			baseConfigurationReference = 0496B1EF36A24B36B7B0A446 /* Pods-Task.debug.xcconfig */;
			buildSettings = {
				ASSETCATALOG_COMPILER_APPICON_NAME = AppIcon;
				ASSETCATALOG_COMPILER_GLOBAL_ACCENT_COLOR_NAME = AccentColor;
				CODE_SIGN_STYLE = Automatic;
				CURRENT_PROJECT_VERSION = 1;
				GENERATE_INFOPLIST_FILE = YES;
				INFOPLIST_FILE = Task/Info.plist;
				INFOPLIST_KEY_UIApplicationSupportsIndirectInputEvents = YES;
				INFOPLIST_KEY_UILaunchStoryboardName = LaunchScreen;
				INFOPLIST_KEY_UIMainStoryboardFile = Main;
				INFOPLIST_KEY_UISupportedInterfaceOrientations_iPad = "UIInterfaceOrientationPortrait UIInterfaceOrientationPortraitUpsideDown UIInterfaceOrientationLandscapeLeft UIInterfaceOrientationLandscapeRight";
				INFOPLIST_KEY_UISupportedInterfaceOrientations_iPhone = "UIInterfaceOrientationPortrait UIInterfaceOrientationLandscapeLeft UIInterfaceOrientationLandscapeRight";
				IPHONEOS_DEPLOYMENT_TARGET = 16.1;
				LD_RUNPATH_SEARCH_PATHS = (
					"$(inherited)",
					"@executable_path/Frameworks",
				);
				MARKETING_VERSION = 1.0;
				PRODUCT_BUNDLE_IDENTIFIER = ester.Task;
				PRODUCT_NAME = "$(TARGET_NAME)";
				SWIFT_EMIT_LOC_STRINGS = YES;
				SWIFT_VERSION = 5.0;
				TARGETED_DEVICE_FAMILY = "1,2";
			};
			name = Debug;
		};
		5E2445122C161129002DAB58 /* Release */ = {
			isa = XCBuildConfiguration;
			baseConfigurationReference = D58BA98E4CF795CE1894E9C2 /* Pods-Task.release.xcconfig */;
			buildSettings = {
				ASSETCATALOG_COMPILER_APPICON_NAME = AppIcon;
				ASSETCATALOG_COMPILER_GLOBAL_ACCENT_COLOR_NAME = AccentColor;
				CODE_SIGN_STYLE = Automatic;
				CURRENT_PROJECT_VERSION = 1;
				GENERATE_INFOPLIST_FILE = YES;
				INFOPLIST_FILE = Task/Info.plist;
				INFOPLIST_KEY_UIApplicationSupportsIndirectInputEvents = YES;
				INFOPLIST_KEY_UILaunchStoryboardName = LaunchScreen;
				INFOPLIST_KEY_UIMainStoryboardFile = Main;
				INFOPLIST_KEY_UISupportedInterfaceOrientations_iPad = "UIInterfaceOrientationPortrait UIInterfaceOrientationPortraitUpsideDown UIInterfaceOrientationLandscapeLeft UIInterfaceOrientationLandscapeRight";
				INFOPLIST_KEY_UISupportedInterfaceOrientations_iPhone = "UIInterfaceOrientationPortrait UIInterfaceOrientationLandscapeLeft UIInterfaceOrientationLandscapeRight";
				IPHONEOS_DEPLOYMENT_TARGET = 16.1;
				LD_RUNPATH_SEARCH_PATHS = (
					"$(inherited)",
					"@executable_path/Frameworks",
				);
				MARKETING_VERSION = 1.0;
				PRODUCT_BUNDLE_IDENTIFIER = ester.Task;
				PRODUCT_NAME = "$(TARGET_NAME)";
				SWIFT_EMIT_LOC_STRINGS = YES;
				SWIFT_VERSION = 5.0;
				TARGETED_DEVICE_FAMILY = "1,2";
			};
			name = Release;
		};
/* End XCBuildConfiguration section */

/* Begin XCConfigurationList section */
		5E2444F42C161128002DAB58 /* Build configuration list for PBXProject "Task" */ = {
			isa = XCConfigurationList;
			buildConfigurations = (
				5E24450E2C161129002DAB58 /* Debug */,
				5E24450F2C161129002DAB58 /* Release */,
			);
			defaultConfigurationIsVisible = 0;
			defaultConfigurationName = Release;
		};
		5E2445102C161129002DAB58 /* Build configuration list for PBXNativeTarget "Task" */ = {
			isa = XCConfigurationList;
			buildConfigurations = (
				5E2445112C161129002DAB58 /* Debug */,
				5E2445122C161129002DAB58 /* Release */,
			);
			defaultConfigurationIsVisible = 0;
			defaultConfigurationName = Release;
		};
/* End XCConfigurationList section */

/* Begin XCVersionGroup section */
		5EC910C02C2897DB004C272C /* Task.xcdatamodeld */ = {
			isa = XCVersionGroup;
			children = (
				5EC910C12C2897DB004C272C /* Task.xcdatamodel */,
			);
			currentVersion = 5EC910C12C2897DB004C272C /* Task.xcdatamodel */;
			path = Task.xcdatamodeld;
			sourceTree = "<group>";
			versionGroupType = wrapper.xcdatamodel;
		};
/* End XCVersionGroup section */
	};
	rootObject = 5E2444F12C161128002DAB58 /* Project object */;
}
